
Microsoft Visual Studio Solution File, Format Version 12.00
# Visual Studio Version 17
VisualStudioVersion = 17.4.33110.190
MinimumVisualStudioVersion = 10.0.40219.1
Project("{2150E333-8FDC-42A3-9474-1A3956D46DE8}") = "Source", "Source", "{54584D29-7783-460F-90D8-EBE935EF6C27}"
EndProject
Project("{2150E333-8FDC-42A3-9474-1A3956D46DE8}") = "WebApi", "WebApi", "{ADCD932C-4EAD-4034-BC19-F87A7E43EB8A}"
EndProject
Project("{9A19103F-16F7-4668-BE54-9A1E7A4F7556}") = "CleanArchitecture.Aggregation.WebApi", "CleanArchitecture.Aggregation\CleanArchitecture.Aggregation.WebApi\CleanArchitecture.Aggregation.WebApi.csproj", "{8AE3CB4B-6714-4BB6-805F-4DB3018284A0}"
EndProject
Project("{2150E333-8FDC-42A3-9474-1A3956D46DE8}") = "Core", "Core", "{DD434B2D-17DC-4608-897D-9378B59FD823}"
EndProject
Project("{9A19103F-16F7-4668-BE54-9A1E7A4F7556}") = "CleanArchitecture.Aggregation.Application", "CleanArchitecture.Aggregation\CleanArchitecture.Aggregation.Application\CleanArchitecture.Aggregation.Application.csproj", "{CA3E7494-BFF6-4BDD-AC2F-09A82C5B049C}"
EndProject
Project("{9A19103F-16F7-4668-BE54-9A1E7A4F7556}") = "CleanArchitecture.Aggregation.Domain", "CleanArchitecture.Aggregation\CleanArchitecture.Aggregation.Domain\CleanArchitecture.Aggregation.Domain.csproj", "{19312B7E-97D1-4A37-8541-1882DDCC7441}"
EndProject
Project("{2150E333-8FDC-42A3-9474-1A3956D46DE8}") = "Infrastructure", "Infrastructure", "{D6EC2DB2-146F-4467-8126-0CB8462044E3}"
EndProject
Project("{9A19103F-16F7-4668-BE54-9A1E7A4F7556}") = "CleanArchitecture.Aggregation.Infrastructure.Identity", "CleanArchitecture.Aggregation\CleanArchitecture.Aggregation.Infrastructure.Identity\CleanArchitecture.Aggregation.Infrastructure.Identity.csproj", "{09A19EA8-5293-4A66-9E11-F3E74D28C004}"
EndProject
Project("{9A19103F-16F7-4668-BE54-9A1E7A4F7556}") = "CleanArchitecture.Aggregation.Infrastructure.Persistence", "CleanArchitecture.Aggregation\CleanArchitecture.Aggregation.Infrastructure.Persistence\CleanArchitecture.Aggregation.Infrastructure.Persistence.csproj", "{6BBE4CE2-95A0-49E1-B366-0804B2360212}"
EndProject
Project("{9A19103F-16F7-4668-BE54-9A1E7A4F7556}") = "CleanArchitecture.Aggregation.Infrastructure.Shared", "CleanArchitecture.Aggregation\CleanArchitecture.Aggregation.Infrastructure.Shared\CleanArchitecture.Aggregation.Infrastructure.Shared.csproj", "{55A14F68-D5F1-49D4-AAC9-065B893DF629}"
EndProject
Project("{2150E333-8FDC-42A3-9474-1A3956D46DE8}") = "WebApp", "WebApp", "{FCFF41C4-3086-4681-9EE6-742D7DEE4451}"
EndProject
Project("{2150E333-8FDC-42A3-9474-1A3956D46DE8}") = "Test", "Test", "{D5159908-6A9B-475F-B2D6-0A2457A991A2}"
EndProject
Project("{9A19103F-16F7-4668-BE54-9A1E7A4F7556}") = "CleanArchitecture.Aggregation.Test", "CleanArchitecture.Aggregation\CleanArchitecture.Aggregation.Test\CleanArchitecture.Aggregation.Test.csproj", "{54EE2296-86BA-4AA7-BF63-82F4D0C02597}"
EndProject
Project("{9A19103F-16F7-4668-BE54-9A1E7A4F7556}") = "CleanArchitecture.Aggregation.WebApp", "CleanArchitecture.Aggregation\CleanArchitecture.Aggregation.WebApp\CleanArchitecture.Aggregation.WebApp.csproj", "{79B2DFF1-D6BF-4646-B59A-D5127B933488}"
EndProject
Project("{2150E333-8FDC-42A3-9474-1A3956D46DE8}") = "Console", "Console", "{6D10E9B7-3A00-41F9-9E71-3DB6ED7FA232}"
EndProject
Project("{9A19103F-16F7-4668-BE54-9A1E7A4F7556}") = "CleanArchitecture.Aggregation.ConsoleApp", "CleanArchitecture.Aggregation\CleanArchitecture.Aggregation.ConsoleApp\CleanArchitecture.Aggregation.ConsoleApp.csproj", "{B6A33FFC-3049-4610-9B3B-BF05A58539DA}"
EndProject
Project("{9A19103F-16F7-4668-BE54-9A1E7A4F7556}") = "CleanArchitecture.Aggregation.MongoApi", "CleanArchitecture.Aggregation\CleanArchitecture.Aggregation.MongoApi\CleanArchitecture.Aggregation.MongoApi.csproj", "{A1570BFE-2641-41A8-86D9-A2B999523C69}"
EndProject
Project("{2150E333-8FDC-42A3-9474-1A3956D46DE8}") = "Worker", "Worker", "{00AFABED-8A25-42D7-857E-38A4A258A7D2}"
EndProject
Project("{9A19103F-16F7-4668-BE54-9A1E7A4F7556}") = "CleanArchitecture.Aggregation.WorkerOne", "CleanArchitecture.Aggregation\CleanArchitecture.Aggregation.WorkerOne\CleanArchitecture.Aggregation.WorkerOne.csproj", "{1CBC2E70-2A99-48DD-BB13-0961E817A075}"
EndProject
Project("{9A19103F-16F7-4668-BE54-9A1E7A4F7556}") = "CleanArchitecture.Aggregation.WorkerTwo", "CleanArchitecture.Aggregation\CleanArchitecture.Aggregation.WorkerTwo\CleanArchitecture.Aggregation.WorkerTwo.csproj", "{BECA574E-C8C1-43F1-BE84-6E4F226D865A}"
EndProject
Project("{9A19103F-16F7-4668-BE54-9A1E7A4F7556}") = "CleanArchitecture.Aggregation.WorkerThree", "CleanArchitecture.Aggregation\CleanArchitecture.Aggregation.WorkerThree\CleanArchitecture.Aggregation.WorkerThree.csproj", "{3981D87F-79C1-4C08-A904-24208FE45C8A}"
EndProject
Project("{FAE04EC0-301F-11D3-BF4B-00C04F79EFBC}") = "CleanArchitecture.Aggregation.WorkerFour", "CleanArchitecture.Aggregation\CleanArchitecture.Aggregation.WorkerFour\CleanArchitecture.Aggregation.WorkerFour.csproj", "{822A70E3-A4BB-4A30-AABE-C6026362B07C}"
EndProject
Global
	GlobalSection(SolutionConfigurationPlatforms) = preSolution
		Debug|Any CPU = Debug|Any CPU
		Release|Any CPU = Release|Any CPU
	EndGlobalSection
	GlobalSection(ProjectConfigurationPlatforms) = postSolution
		{8AE3CB4B-6714-4BB6-805F-4DB3018284A0}.Debug|Any CPU.ActiveCfg = Debug|Any CPU
		{8AE3CB4B-6714-4BB6-805F-4DB3018284A0}.Debug|Any CPU.Build.0 = Debug|Any CPU
		{8AE3CB4B-6714-4BB6-805F-4DB3018284A0}.Release|Any CPU.ActiveCfg = Release|Any CPU
		{8AE3CB4B-6714-4BB6-805F-4DB3018284A0}.Release|Any CPU.Build.0 = Release|Any CPU
		{CA3E7494-BFF6-4BDD-AC2F-09A82C5B049C}.Debug|Any CPU.ActiveCfg = Debug|Any CPU
		{CA3E7494-BFF6-4BDD-AC2F-09A82C5B049C}.Debug|Any CPU.Build.0 = Debug|Any CPU
		{CA3E7494-BFF6-4BDD-AC2F-09A82C5B049C}.Release|Any CPU.ActiveCfg = Release|Any CPU
		{CA3E7494-BFF6-4BDD-AC2F-09A82C5B049C}.Release|Any CPU.Build.0 = Release|Any CPU
		{19312B7E-97D1-4A37-8541-1882DDCC7441}.Debug|Any CPU.ActiveCfg = Debug|Any CPU
		{19312B7E-97D1-4A37-8541-1882DDCC7441}.Debug|Any CPU.Build.0 = Debug|Any CPU
		{19312B7E-97D1-4A37-8541-1882DDCC7441}.Release|Any CPU.ActiveCfg = Release|Any CPU
		{19312B7E-97D1-4A37-8541-1882DDCC7441}.Release|Any CPU.Build.0 = Release|Any CPU
		{09A19EA8-5293-4A66-9E11-F3E74D28C004}.Debug|Any CPU.ActiveCfg = Debug|Any CPU
		{09A19EA8-5293-4A66-9E11-F3E74D28C004}.Debug|Any CPU.Build.0 = Debug|Any CPU
		{09A19EA8-5293-4A66-9E11-F3E74D28C004}.Release|Any CPU.ActiveCfg = Release|Any CPU
		{09A19EA8-5293-4A66-9E11-F3E74D28C004}.Release|Any CPU.Build.0 = Release|Any CPU
		{6BBE4CE2-95A0-49E1-B366-0804B2360212}.Debug|Any CPU.ActiveCfg = Debug|Any CPU
		{6BBE4CE2-95A0-49E1-B366-0804B2360212}.Debug|Any CPU.Build.0 = Debug|Any CPU
		{6BBE4CE2-95A0-49E1-B366-0804B2360212}.Release|Any CPU.ActiveCfg = Release|Any CPU
		{6BBE4CE2-95A0-49E1-B366-0804B2360212}.Release|Any CPU.Build.0 = Release|Any CPU
		{55A14F68-D5F1-49D4-AAC9-065B893DF629}.Debug|Any CPU.ActiveCfg = Debug|Any CPU
		{55A14F68-D5F1-49D4-AAC9-065B893DF629}.Debug|Any CPU.Build.0 = Debug|Any CPU
		{55A14F68-D5F1-49D4-AAC9-065B893DF629}.Release|Any CPU.ActiveCfg = Release|Any CPU
		{55A14F68-D5F1-49D4-AAC9-065B893DF629}.Release|Any CPU.Build.0 = Release|Any CPU
		{54EE2296-86BA-4AA7-BF63-82F4D0C02597}.Debug|Any CPU.ActiveCfg = Debug|Any CPU
		{54EE2296-86BA-4AA7-BF63-82F4D0C02597}.Debug|Any CPU.Build.0 = Debug|Any CPU
		{54EE2296-86BA-4AA7-BF63-82F4D0C02597}.Release|Any CPU.ActiveCfg = Release|Any CPU
		{54EE2296-86BA-4AA7-BF63-82F4D0C02597}.Release|Any CPU.Build.0 = Release|Any CPU
		{79B2DFF1-D6BF-4646-B59A-D5127B933488}.Debug|Any CPU.ActiveCfg = Debug|Any CPU
		{79B2DFF1-D6BF-4646-B59A-D5127B933488}.Debug|Any CPU.Build.0 = Debug|Any CPU
		{79B2DFF1-D6BF-4646-B59A-D5127B933488}.Release|Any CPU.ActiveCfg = Release|Any CPU
		{79B2DFF1-D6BF-4646-B59A-D5127B933488}.Release|Any CPU.Build.0 = Release|Any CPU
		{B6A33FFC-3049-4610-9B3B-BF05A58539DA}.Debug|Any CPU.ActiveCfg = Debug|Any CPU
		{B6A33FFC-3049-4610-9B3B-BF05A58539DA}.Debug|Any CPU.Build.0 = Debug|Any CPU
		{B6A33FFC-3049-4610-9B3B-BF05A58539DA}.Release|Any CPU.ActiveCfg = Release|Any CPU
		{B6A33FFC-3049-4610-9B3B-BF05A58539DA}.Release|Any CPU.Build.0 = Release|Any CPU
		{A1570BFE-2641-41A8-86D9-A2B999523C69}.Debug|Any CPU.ActiveCfg = Debug|Any CPU
		{A1570BFE-2641-41A8-86D9-A2B999523C69}.Debug|Any CPU.Build.0 = Debug|Any CPU
		{A1570BFE-2641-41A8-86D9-A2B999523C69}.Release|Any CPU.ActiveCfg = Release|Any CPU
		{A1570BFE-2641-41A8-86D9-A2B999523C69}.Release|Any CPU.Build.0 = Release|Any CPU
		{1CBC2E70-2A99-48DD-BB13-0961E817A075}.Debug|Any CPU.ActiveCfg = Debug|Any CPU
		{1CBC2E70-2A99-48DD-BB13-0961E817A075}.Debug|Any CPU.Build.0 = Debug|Any CPU
		{1CBC2E70-2A99-48DD-BB13-0961E817A075}.Release|Any CPU.ActiveCfg = Release|Any CPU
		{1CBC2E70-2A99-48DD-BB13-0961E817A075}.Release|Any CPU.Build.0 = Release|Any CPU
		{BECA574E-C8C1-43F1-BE84-6E4F226D865A}.Debug|Any CPU.ActiveCfg = Debug|Any CPU
		{BECA574E-C8C1-43F1-BE84-6E4F226D865A}.Debug|Any CPU.Build.0 = Debug|Any CPU
		{BECA574E-C8C1-43F1-BE84-6E4F226D865A}.Release|Any CPU.ActiveCfg = Release|Any CPU
		{BECA574E-C8C1-43F1-BE84-6E4F226D865A}.Release|Any CPU.Build.0 = Release|Any CPU
		{3981D87F-79C1-4C08-A904-24208FE45C8A}.Debug|Any CPU.ActiveCfg = Debug|Any CPU
		{3981D87F-79C1-4C08-A904-24208FE45C8A}.Debug|Any CPU.Build.0 = Debug|Any CPU
		{3981D87F-79C1-4C08-A904-24208FE45C8A}.Release|Any CPU.ActiveCfg = Release|Any CPU
		{3981D87F-79C1-4C08-A904-24208FE45C8A}.Release|Any CPU.Build.0 = Release|Any CPU
		{822A70E3-A4BB-4A30-AABE-C6026362B07C}.Debug|Any CPU.ActiveCfg = Debug|Any CPU
		{822A70E3-A4BB-4A30-AABE-C6026362B07C}.Debug|Any CPU.Build.0 = Debug|Any CPU
		{822A70E3-A4BB-4A30-AABE-C6026362B07C}.Release|Any CPU.ActiveCfg = Release|Any CPU
		{822A70E3-A4BB-4A30-AABE-C6026362B07C}.Release|Any CPU.Build.0 = Release|Any CPU
	EndGlobalSection
	GlobalSection(SolutionProperties) = preSolution
		HideSolutionNode = FALSE
	EndGlobalSection
	GlobalSection(NestedProjects) = preSolution
		{ADCD932C-4EAD-4034-BC19-F87A7E43EB8A} = {54584D29-7783-460F-90D8-EBE935EF6C27}
		{8AE3CB4B-6714-4BB6-805F-4DB3018284A0} = {ADCD932C-4EAD-4034-BC19-F87A7E43EB8A}
		{DD434B2D-17DC-4608-897D-9378B59FD823} = {54584D29-7783-460F-90D8-EBE935EF6C27}
		{CA3E7494-BFF6-4BDD-AC2F-09A82C5B049C} = {DD434B2D-17DC-4608-897D-9378B59FD823}
		{19312B7E-97D1-4A37-8541-1882DDCC7441} = {DD434B2D-17DC-4608-897D-9378B59FD823}
		{D6EC2DB2-146F-4467-8126-0CB8462044E3} = {54584D29-7783-460F-90D8-EBE935EF6C27}
		{09A19EA8-5293-4A66-9E11-F3E74D28C004} = {D6EC2DB2-146F-4467-8126-0CB8462044E3}
		{6BBE4CE2-95A0-49E1-B366-0804B2360212} = {D6EC2DB2-146F-4467-8126-0CB8462044E3}
		{55A14F68-D5F1-49D4-AAC9-065B893DF629} = {D6EC2DB2-146F-4467-8126-0CB8462044E3}
		{FCFF41C4-3086-4681-9EE6-742D7DEE4451} = {54584D29-7783-460F-90D8-EBE935EF6C27}
		{D5159908-6A9B-475F-B2D6-0A2457A991A2} = {54584D29-7783-460F-90D8-EBE935EF6C27}
		{54EE2296-86BA-4AA7-BF63-82F4D0C02597} = {D5159908-6A9B-475F-B2D6-0A2457A991A2}
		{79B2DFF1-D6BF-4646-B59A-D5127B933488} = {FCFF41C4-3086-4681-9EE6-742D7DEE4451}
		{6D10E9B7-3A00-41F9-9E71-3DB6ED7FA232} = {54584D29-7783-460F-90D8-EBE935EF6C27}
		{B6A33FFC-3049-4610-9B3B-BF05A58539DA} = {6D10E9B7-3A00-41F9-9E71-3DB6ED7FA232}
		{A1570BFE-2641-41A8-86D9-A2B999523C69} = {ADCD932C-4EAD-4034-BC19-F87A7E43EB8A}
		{00AFABED-8A25-42D7-857E-38A4A258A7D2} = {54584D29-7783-460F-90D8-EBE935EF6C27}
		{1CBC2E70-2A99-48DD-BB13-0961E817A075} = {00AFABED-8A25-42D7-857E-38A4A258A7D2}
		{BECA574E-C8C1-43F1-BE84-6E4F226D865A} = {00AFABED-8A25-42D7-857E-38A4A258A7D2}
		{3981D87F-79C1-4C08-A904-24208FE45C8A} = {00AFABED-8A25-42D7-857E-38A4A258A7D2}
		{822A70E3-A4BB-4A30-AABE-C6026362B07C} = {00AFABED-8A25-42D7-857E-38A4A258A7D2}
	EndGlobalSection
	GlobalSection(ExtensibilityGlobals) = postSolution
		SolutionGuid = {A06A7F40-4F6F-4655-A39F-154F61C4F5BB}
	EndGlobalSection
EndGlobal
